
Microsoft Visual Studio Solution File, Format Version 12.00
# Visual Studio Version 17
VisualStudioVersion = 17.3.32929.385
MinimumVisualStudioVersion = 10.0.40219.1
Project("{FAE04EC0-301F-11D3-BF4B-00C04F79EFBC}") = "MyJokesApp", "MyJokesApp\MyJokesApp.csproj", "{483A7225-C228-4420-8329-DE506CF46D38}"
EndProject
Global
	GlobalSection(SolutionConfigurationPlatforms) = preSolution
		Debug|Any CPU = Debug|Any CPU
		Release|Any CPU = Release|Any CPU
	EndGlobalSection
	GlobalSection(ProjectConfigurationPlatforms) = postSolution
		{483A7225-C228-4420-8329-DE506CF46D38}.Debug|Any CPU.ActiveCfg = Debug|Any CPU
		{483A7225-C228-4420-8329-DE506CF46D38}.Debug|Any CPU.Build.0 = Debug|Any CPU
		{483A7225-C228-4420-8329-DE506CF46D38}.Release|Any CPU.ActiveCfg = Release|Any CPU
		{483A7225-C228-4420-8329-DE506CF46D38}.Release|Any CPU.Build.0 = Release|Any CPU
	EndGlobalSection
	GlobalSection(SolutionProperties) = preSolution
		HideSolutionNode = FALSE
	EndGlobalSection
	GlobalSection(ExtensibilityGlobals) = postSolution
		SolutionGuid = {9E949274-0595-4F5B-A36A-4EBF2F65A508}
	EndGlobalSection
EndGlobal
